
Microsoft Visual Studio Solution File, Format Version 12.00
# Visual Studio Version 16
VisualStudioVersion = 16.0.31702.278
MinimumVisualStudioVersion = 10.0.40219.1
Project("{FAE04EC0-301F-11D3-BF4B-00C04F79EFBC}") = "LinkedList_Stack_UC2", "LinkedList_Stack_UC2\LinkedList_Stack_UC2.csproj", "{D3178835-BAE1-413C-9981-8189630D70E1}"
EndProject
Global
	GlobalSection(SolutionConfigurationPlatforms) = preSolution
		Debug|Any CPU = Debug|Any CPU
		Release|Any CPU = Release|Any CPU
	EndGlobalSection
	GlobalSection(ProjectConfigurationPlatforms) = postSolution
		{D3178835-BAE1-413C-9981-8189630D70E1}.Debug|Any CPU.ActiveCfg = Debug|Any CPU
		{D3178835-BAE1-413C-9981-8189630D70E1}.Debug|Any CPU.Build.0 = Debug|Any CPU
		{D3178835-BAE1-413C-9981-8189630D70E1}.Release|Any CPU.ActiveCfg = Release|Any CPU
		{D3178835-BAE1-413C-9981-8189630D70E1}.Release|Any CPU.Build.0 = Release|Any CPU
	EndGlobalSection
	GlobalSection(SolutionProperties) = preSolution
		HideSolutionNode = FALSE
	EndGlobalSection
	GlobalSection(ExtensibilityGlobals) = postSolution
		SolutionGuid = {2E7C08F0-9EED-483B-BAEF-0E3DE71F4944}
	EndGlobalSection
EndGlobal
